
Microsoft Visual Studio Solution File, Format Version 12.00
# Visual Studio 15
VisualStudioVersion = 15.0.28307.960
MinimumVisualStudioVersion = 10.0.40219.1
Project("{FAE04EC0-301F-11D3-BF4B-00C04F79EFBC}") = "EpiserverSite1", "EpiserverSite1\EpiserverSite1.csproj", "{04447EA6-A8A8-4DCA-BB62-33DBE160FA92}"
EndProject
Global
	GlobalSection(SolutionConfigurationPlatforms) = preSolution
		Debug|Any CPU = Debug|Any CPU
		Release|Any CPU = Release|Any CPU
	EndGlobalSection
	GlobalSection(ProjectConfigurationPlatforms) = postSolution
		{04447EA6-A8A8-4DCA-BB62-33DBE160FA92}.Debug|Any CPU.ActiveCfg = Debug|Any CPU
		{04447EA6-A8A8-4DCA-BB62-33DBE160FA92}.Debug|Any CPU.Build.0 = Debug|Any CPU
		{04447EA6-A8A8-4DCA-BB62-33DBE160FA92}.Release|Any CPU.ActiveCfg = Release|Any CPU
		{04447EA6-A8A8-4DCA-BB62-33DBE160FA92}.Release|Any CPU.Build.0 = Release|Any CPU
	EndGlobalSection
	GlobalSection(SolutionProperties) = preSolution
		HideSolutionNode = FALSE
	EndGlobalSection
	GlobalSection(ExtensibilityGlobals) = postSolution
		SolutionGuid = {E361FC3D-A6F2-4E89-B8B7-D9890A9C94C1}
	EndGlobalSection
EndGlobal
